{
  "lockfileVersion": 1,
  "configVersion": 1,
  "workspaces": {
    "": {
      "name": "@open-math/new.omath.net",
      "dependencies": {
        "@erudit-js/cli": "link:@erudit-js/cli",
        "@erudit-js/core": "link:@erudit-js/core",
        "@erudit-js/prose": "link:@erudit-js/prose",
        "@open-math/shared": "link:@open-math/shared",
        "erudit": "link:erudit",
      },
      "devDependencies": {
        "prettier": "^3.8.1",
      },
    },
  },
  "packages": {
    "@erudit-js/cli": ["@erudit-js/cli@link:@erudit-js/cli", {}],

    "@erudit-js/core": ["@erudit-js/core@link:@erudit-js/core", {}],

    "@erudit-js/prose": ["@erudit-js/prose@link:@erudit-js/prose", {}],

    "@open-math/shared": ["@open-math/shared@link:@open-math/shared", {}],

    "erudit": ["erudit@link:erudit", { "bin": { "erudit": "bin/erudit.js" } }],

    "prettier": ["prettier@3.8.1", "", { "bin": { "prettier": "bin/prettier.cjs" } }, "sha512-UOnG6LftzbdaHZcKoPFtOcCKztrQ57WkHDeRD9t/PTQtmT0NHSeWWepj6pS0z/N7+08BHFDQVUrfmfMRcZwbMg=="],
  }
}
